
Microsoft Visual Studio Solution File, Format Version 12.00
# Visual Studio Version 17
VisualStudioVersion = 17.7.34031.279
MinimumVisualStudioVersion = 10.0.40219.1
Project("{FAE04EC0-301F-11D3-BF4B-00C04F79EFBC}") = "LeetCode-0027-Remove-Element", "LeetCode-0027-Remove-Element\LeetCode-0027-Remove-Element.csproj", "{4C5971F1-07AD-4726-A630-31E6039468B7}"
EndProject
Global
	GlobalSection(SolutionConfigurationPlatforms) = preSolution
		Debug|Any CPU = Debug|Any CPU
		Release|Any CPU = Release|Any CPU
	EndGlobalSection
	GlobalSection(ProjectConfigurationPlatforms) = postSolution
		{4C5971F1-07AD-4726-A630-31E6039468B7}.Debug|Any CPU.ActiveCfg = Debug|Any CPU
		{4C5971F1-07AD-4726-A630-31E6039468B7}.Debug|Any CPU.Build.0 = Debug|Any CPU
		{4C5971F1-07AD-4726-A630-31E6039468B7}.Release|Any CPU.ActiveCfg = Release|Any CPU
		{4C5971F1-07AD-4726-A630-31E6039468B7}.Release|Any CPU.Build.0 = Release|Any CPU
	EndGlobalSection
	GlobalSection(SolutionProperties) = preSolution
		HideSolutionNode = FALSE
	EndGlobalSection
	GlobalSection(ExtensibilityGlobals) = postSolution
		SolutionGuid = {6CAC99D0-D0FB-4F4C-A1E3-35832A247528}
	EndGlobalSection
EndGlobal
